
Microsoft Visual Studio Solution File, Format Version 12.00
# Visual Studio Version 17
VisualStudioVersion = 17.12.35707.178
MinimumVisualStudioVersion = 10.0.40219.1
Project("{2150E333-8FDC-42A3-9474-1A3956D46DE8}") = "src", "src", "{D8AA58B2-5277-49E9-A31E-04DEA95A0D74}"
EndProject
Project("{FAE04EC0-301F-11D3-BF4B-00C04F79EFBC}") = "Validator", "Validator\Validator.csproj", "{45C7E926-9665-47DB-AB05-75EC5F6B1824}"
EndProject
Project("{2150E333-8FDC-42A3-9474-1A3956D46DE8}") = "tests", "tests", "{0E94964C-3130-42BE-BFE1-37DA63D7B450}"
EndProject
Project("{FAE04EC0-301F-11D3-BF4B-00C04F79EFBC}") = "Validator.Tests", "Validator.Tests\Validator.Tests.csproj", "{6C223C35-0421-4A4B-99DD-64DDB4945E97}"
EndProject
Global
	GlobalSection(SolutionConfigurationPlatforms) = preSolution
		Debug|Any CPU = Debug|Any CPU
		Release|Any CPU = Release|Any CPU
	EndGlobalSection
	GlobalSection(ProjectConfigurationPlatforms) = postSolution
		{45C7E926-9665-47DB-AB05-75EC5F6B1824}.Debug|Any CPU.ActiveCfg = Debug|Any CPU
		{45C7E926-9665-47DB-AB05-75EC5F6B1824}.Debug|Any CPU.Build.0 = Debug|Any CPU
		{45C7E926-9665-47DB-AB05-75EC5F6B1824}.Release|Any CPU.ActiveCfg = Release|Any CPU
		{45C7E926-9665-47DB-AB05-75EC5F6B1824}.Release|Any CPU.Build.0 = Release|Any CPU
		{6C223C35-0421-4A4B-99DD-64DDB4945E97}.Debug|Any CPU.ActiveCfg = Debug|Any CPU
		{6C223C35-0421-4A4B-99DD-64DDB4945E97}.Debug|Any CPU.Build.0 = Debug|Any CPU
		{6C223C35-0421-4A4B-99DD-64DDB4945E97}.Release|Any CPU.ActiveCfg = Release|Any CPU
		{6C223C35-0421-4A4B-99DD-64DDB4945E97}.Release|Any CPU.Build.0 = Release|Any CPU
	EndGlobalSection
	GlobalSection(SolutionProperties) = preSolution
		HideSolutionNode = FALSE
	EndGlobalSection
	GlobalSection(NestedProjects) = preSolution
		{45C7E926-9665-47DB-AB05-75EC5F6B1824} = {D8AA58B2-5277-49E9-A31E-04DEA95A0D74}
		{6C223C35-0421-4A4B-99DD-64DDB4945E97} = {0E94964C-3130-42BE-BFE1-37DA63D7B450}
	EndGlobalSection
EndGlobal
